
Microsoft Visual Studio Solution File, Format Version 12.00
# Visual Studio 15
VisualStudioVersion = 15.0.27130.2027
MinimumVisualStudioVersion = 10.0.40219.1
Project("{9A19103F-16F7-4668-BE54-9A1E7A4F7556}") = "Rpkg", "Rpkg.csproj", "{D2613410-9DD8-4521-9B81-7C4E55F6B077}"
EndProject
Global
	GlobalSection(SolutionConfigurationPlatforms) = preSolution
		Debug|Any CPU = Debug|Any CPU
		Release|Any CPU = Release|Any CPU
	EndGlobalSection
	GlobalSection(ProjectConfigurationPlatforms) = postSolution
		{D2613410-9DD8-4521-9B81-7C4E55F6B077}.Debug|Any CPU.ActiveCfg = Debug|Any CPU
		{D2613410-9DD8-4521-9B81-7C4E55F6B077}.Debug|Any CPU.Build.0 = Debug|Any CPU
		{D2613410-9DD8-4521-9B81-7C4E55F6B077}.Release|Any CPU.ActiveCfg = Release|Any CPU
		{D2613410-9DD8-4521-9B81-7C4E55F6B077}.Release|Any CPU.Build.0 = Release|Any CPU
	EndGlobalSection
	GlobalSection(SolutionProperties) = preSolution
		HideSolutionNode = FALSE
	EndGlobalSection
	GlobalSection(ExtensibilityGlobals) = postSolution
		SolutionGuid = {73A27F40-0469-4361-BF81-B155E99B5001}
	EndGlobalSection
EndGlobal
